// !$*UTF8*$!
{
	archiveVersion = 1;
	classes = {
	};
	objectVersion = 46;
	objects = {

/* Begin PBXBuildFile section */
		64FE89911EE86C3400F68AE4 /* AppDelegate.swift in Sources */ = {isa = PBXBuildFile; fileRef = 64FE89901EE86C3400F68AE4 /* AppDelegate.swift */; };
		64FE89931EE86C3400F68AE4 /* ViewController.swift in Sources */ = {isa = PBXBuildFile; fileRef = 64FE89921EE86C3400F68AE4 /* ViewController.swift */; };
		64FE89961EE86C3400F68AE4 /* Main.storyboard in Resources */ = {isa = PBXBuildFile; fileRef = 64FE89941EE86C3400F68AE4 /* Main.storyboard */; };
		64FE89981EE86C3400F68AE4 /* Assets.xcassets in Resources */ = {isa = PBXBuildFile; fileRef = 64FE89971EE86C3400F68AE4 /* Assets.xcassets */; };
		64FE899B1EE86C3400F68AE4 /* LaunchScreen.storyboard in Resources */ = {isa = PBXBuildFile; fileRef = 64FE89991EE86C3400F68AE4 /* LaunchScreen.storyboard */; };
		64FE89A61EE86C3400F68AE4 /* Fizz_BuzzTests.swift in Sources */ = {isa = PBXBuildFile; fileRef = 64FE89A51EE86C3400F68AE4 /* Fizz_BuzzTests.swift */; };
		64FE89B11EE86C3400F68AE4 /* Fizz_BuzzUITests.swift in Sources */ = {isa = PBXBuildFile; fileRef = 64FE89B01EE86C3400F68AE4 /* Fizz_BuzzUITests.swift */; };
/* End PBXBuildFile section */

/* Begin PBXContainerItemProxy section */
		64FE89A21EE86C3400F68AE4 /* PBXContainerItemProxy */ = {
			isa = PBXContainerItemProxy;
			containerPortal = 64FE89851EE86C3400F68AE4 /* Project object */;
			proxyType = 1;
			remoteGlobalIDString = 64FE898C1EE86C3400F68AE4;
			remoteInfo = "Fizz Buzz";
		};
		64FE89AD1EE86C3400F68AE4 /* PBXContainerItemProxy */ = {
			isa = PBXContainerItemProxy;
			containerPortal = 64FE89851EE86C3400F68AE4 /* Project object */;
			proxyType = 1;
			remoteGlobalIDString = 64FE898C1EE86C3400F68AE4;
			remoteInfo = "Fizz Buzz";
		};
/* End PBXContainerItemProxy section */

/* Begin PBXFileReference section */
		64FE898D1EE86C3400F68AE4 /* Fizz Buzz.app */ = {isa = PBXFileReference; explicitFileType = wrapper.application; includeInIndex = 0; path = "Fizz Buzz.app"; sourceTree = BUILT_PRODUCTS_DIR; };
		64FE89901EE86C3400F68AE4 /* AppDelegate.swift */ = {isa = PBXFileReference; lastKnownFileType = sourcecode.swift; path = AppDelegate.swift; sourceTree = "<group>"; };
		64FE89921EE86C3400F68AE4 /* ViewController.swift */ = {isa = PBXFileReference; lastKnownFileType = sourcecode.swift; path = ViewController.swift; sourceTree = "<group>"; };
		64FE89951EE86C3400F68AE4 /* Base */ = {isa = PBXFileReference; lastKnownFileType = file.storyboard; name = Base; path = Base.lproj/Main.storyboard; sourceTree = "<group>"; };
		64FE89971EE86C3400F68AE4 /* Assets.xcassets */ = {isa = PBXFileReference; lastKnownFileType = folder.assetcatalog; path = Assets.xcassets; sourceTree = "<group>"; };
		64FE899A1EE86C3400F68AE4 /* Base */ = {isa = PBXFileReference; lastKnownFileType = file.storyboard; name = Base; path = Base.lproj/LaunchScreen.storyboard; sourceTree = "<group>"; };
		64FE899C1EE86C3400F68AE4 /* Info.plist */ = {isa = PBXFileReference; lastKnownFileType = text.plist.xml; path = Info.plist; sourceTree = "<group>"; };
		64FE89A11EE86C3400F68AE4 /* Fizz BuzzTests.xctest */ = {isa = PBXFileReference; explicitFileType = wrapper.cfbundle; includeInIndex = 0; path = "Fizz BuzzTests.xctest"; sourceTree = BUILT_PRODUCTS_DIR; };
		64FE89A51EE86C3400F68AE4 /* Fizz_BuzzTests.swift */ = {isa = PBXFileReference; lastKnownFileType = sourcecode.swift; path = Fizz_BuzzTests.swift; sourceTree = "<group>"; };
		64FE89A71EE86C3400F68AE4 /* Info.plist */ = {isa = PBXFileReference; lastKnownFileType = text.plist.xml; path = Info.plist; sourceTree = "<group>"; };
		64FE89AC1EE86C3400F68AE4 /* Fizz BuzzUITests.xctest */ = {isa = PBXFileReference; explicitFileType = wrapper.cfbundle; includeInIndex = 0; path = "Fizz BuzzUITests.xctest"; sourceTree = BUILT_PRODUCTS_DIR; };
		64FE89B01EE86C3400F68AE4 /* Fizz_BuzzUITests.swift */ = {isa = PBXFileReference; lastKnownFileType = sourcecode.swift; path = Fizz_BuzzUITests.swift; sourceTree = "<group>"; };
		64FE89B21EE86C3400F68AE4 /* Info.plist */ = {isa = PBXFileReference; lastKnownFileType = text.plist.xml; path = Info.plist; sourceTree = "<group>"; };
/* End PBXFileReference section */

/* Begin PBXFrameworksBuildPhase section */
		64FE898A1EE86C3400F68AE4 /* Frameworks */ = {
			isa = PBXFrameworksBuildPhase;
			buildActionMask = 2147483647;
			files = (
			);
			runOnlyForDeploymentPostprocessing = 0;
		};
		64FE899E1EE86C3400F68AE4 /* Frameworks */ = {
			isa = PBXFrameworksBuildPhase;
			buildActionMask = 2147483647;
			files = (
			);
			runOnlyForDeploymentPostprocessing = 0;
		};
		64FE89A91EE86C3400F68AE4 /* Frameworks */ = {
			isa = PBXFrameworksBuildPhase;
			buildActionMask = 2147483647;
			files = (
			);
			runOnlyForDeploymentPostprocessing = 0;
		};
/* End PBXFrameworksBuildPhase section */

/* Begin PBXGroup section */
		64FE89841EE86C3400F68AE4 = {
			isa = PBXGroup;
			children = (
				64FE898F1EE86C3400F68AE4 /* Fizz Buzz */,
				64FE89A41EE86C3400F68AE4 /* Fizz BuzzTests */,
				64FE89AF1EE86C3400F68AE4 /* Fizz BuzzUITests */,
				64FE898E1EE86C3400F68AE4 /* Products */,
			);
			sourceTree = "<group>";
		};
		64FE898E1EE86C3400F68AE4 /* Products */ = {
			isa = PBXGroup;
			children = (
				64FE898D1EE86C3400F68AE4 /* Fizz Buzz.app */,
				64FE89A11EE86C3400F68AE4 /* Fizz BuzzTests.xctest */,
				64FE89AC1EE86C3400F68AE4 /* Fizz BuzzUITests.xctest */,
			);
			name = Products;
			sourceTree = "<group>";
		};
		64FE898F1EE86C3400F68AE4 /* Fizz Buzz */ = {
			isa = PBXGroup;
			children = (
				64FE89901EE86C3400F68AE4 /* AppDelegate.swift */,
				64FE89921EE86C3400F68AE4 /* ViewController.swift */,
				64FE89941EE86C3400F68AE4 /* Main.storyboard */,
				64FE89971EE86C3400F68AE4 /* Assets.xcassets */,
				64FE89991EE86C3400F68AE4 /* LaunchScreen.storyboard */,
				64FE899C1EE86C3400F68AE4 /* Info.plist */,
			);
			path = "Fizz Buzz";
			sourceTree = "<group>";
		};
		64FE89A41EE86C3400F68AE4 /* Fizz BuzzTests */ = {
			isa = PBXGroup;
			children = (
				64FE89A51EE86C3400F68AE4 /* Fizz_BuzzTests.swift */,
				64FE89A71EE86C3400F68AE4 /* Info.plist */,
			);
			path = "Fizz BuzzTests";
			sourceTree = "<group>";
		};
		64FE89AF1EE86C3400F68AE4 /* Fizz BuzzUITests */ = {
			isa = PBXGroup;
			children = (
				64FE89B01EE86C3400F68AE4 /* Fizz_BuzzUITests.swift */,
				64FE89B21EE86C3400F68AE4 /* Info.plist */,
			);
			path = "Fizz BuzzUITests";
			sourceTree = "<group>";
		};
/* End PBXGroup section */

/* Begin PBXNativeTarget section */
		64FE898C1EE86C3400F68AE4 /* Fizz Buzz */ = {
			isa = PBXNativeTarget;
			buildConfigurationList = 64FE89B51EE86C3400F68AE4 /* Build configuration list for PBXNativeTarget "Fizz Buzz" */;
			buildPhases = (
				64FE89891EE86C3400F68AE4 /* Sources */,
				64FE898A1EE86C3400F68AE4 /* Frameworks */,
				64FE898B1EE86C3400F68AE4 /* Resources */,
			);
			buildRules = (
			);
			dependencies = (
			);
			name = "Fizz Buzz";
			productName = "Fizz Buzz";
			productReference = 64FE898D1EE86C3400F68AE4 /* Fizz Buzz.app */;
			productType = "com.apple.product-type.application";
		};
		64FE89A01EE86C3400F68AE4 /* Fizz BuzzTests */ = {
			isa = PBXNativeTarget;
			buildConfigurationList = 64FE89B81EE86C3400F68AE4 /* Build configuration list for PBXNativeTarget "Fizz BuzzTests" */;
			buildPhases = (
				64FE899D1EE86C3400F68AE4 /* Sources */,
				64FE899E1EE86C3400F68AE4 /* Frameworks */,
				64FE899F1EE86C3400F68AE4 /* Resources */,
			);
			buildRules = (
			);
			dependencies = (
				64FE89A31EE86C3400F68AE4 /* PBXTargetDependency */,
			);
			name = "Fizz BuzzTests";
			productName = "Fizz BuzzTests";
			productReference = 64FE89A11EE86C3400F68AE4 /* Fizz BuzzTests.xctest */;
			productType = "com.apple.product-type.bundle.unit-test";
		};
		64FE89AB1EE86C3400F68AE4 /* Fizz BuzzUITests */ = {
			isa = PBXNativeTarget;
			buildConfigurationList = 64FE89BB1EE86C3400F68AE4 /* Build configuration list for PBXNativeTarget "Fizz BuzzUITests" */;
			buildPhases = (
				64FE89A81EE86C3400F68AE4 /* Sources */,
				64FE89A91EE86C3400F68AE4 /* Frameworks */,
				64FE89AA1EE86C3400F68AE4 /* Resources */,
			);
			buildRules = (
			);
			dependencies = (
				64FE89AE1EE86C3400F68AE4 /* PBXTargetDependency */,
			);
			name = "Fizz BuzzUITests";
			productName = "Fizz BuzzUITests";
			productReference = 64FE89AC1EE86C3400F68AE4 /* Fizz BuzzUITests.xctest */;
			productType = "com.apple.product-type.bundle.ui-testing";
		};
/* End PBXNativeTarget section */

/* Begin PBXProject section */
		64FE89851EE86C3400F68AE4 /* Project object */ = {
			isa = PBXProject;
			attributes = {
				LastSwiftUpdateCheck = 0830;
				LastUpgradeCheck = 0830;
				ORGANIZATIONNAME = "Sai Girap";
				TargetAttributes = {
					64FE898C1EE86C3400F68AE4 = {
						CreatedOnToolsVersion = 8.3.2;
						ProvisioningStyle = Automatic;
					};
					64FE89A01EE86C3400F68AE4 = {
						CreatedOnToolsVersion = 8.3.2;
						ProvisioningStyle = Automatic;
						TestTargetID = 64FE898C1EE86C3400F68AE4;
					};
					64FE89AB1EE86C3400F68AE4 = {
						CreatedOnToolsVersion = 8.3.2;
						ProvisioningStyle = Automatic;
						TestTargetID = 64FE898C1EE86C3400F68AE4;
					};
				};
			};
			buildConfigurationList = 64FE89881EE86C3400F68AE4 /* Build configuration list for PBXProject "Fizz Buzz" */;
			compatibilityVersion = "Xcode 3.2";
			developmentRegion = English;
			hasScannedForEncodings = 0;
			knownRegions = (
				en,
				Base,
			);
			mainGroup = 64FE89841EE86C3400F68AE4;
			productRefGroup = 64FE898E1EE86C3400F68AE4 /* Products */;
			projectDirPath = "";
			projectRoot = "";
			targets = (
				64FE898C1EE86C3400F68AE4 /* Fizz Buzz */,
				64FE89A01EE86C3400F68AE4 /* Fizz BuzzTests */,
				64FE89AB1EE86C3400F68AE4 /* Fizz BuzzUITests */,
			);
		};
/* End PBXProject section */

/* Begin PBXResourcesBuildPhase section */
		64FE898B1EE86C3400F68AE4 /* Resources */ = {
			isa = PBXResourcesBuildPhase;
			buildActionMask = 2147483647;
			files = (
				64FE899B1EE86C3400F68AE4 /* LaunchScreen.storyboard in Resources */,
				64FE89981EE86C3400F68AE4 /* Assets.xcassets in Resources */,
				64FE89961EE86C3400F68AE4 /* Main.storyboard in Resources */,
			);
			runOnlyForDeploymentPostprocessing = 0;
		};
		64FE899F1EE86C3400F68AE4 /* Resources */ = {
			isa = PBXResourcesBuildPhase;
			buildActionMask = 2147483647;
			files = (
			);
			runOnlyForDeploymentPostprocessing = 0;
		};
		64FE89AA1EE86C3400F68AE4 /* Resources */ = {
			isa = PBXResourcesBuildPhase;
			buildActionMask = 2147483647;
			files = (
			);
			runOnlyForDeploymentPostprocessing = 0;
		};
/* End PBXResourcesBuildPhase section */

/* Begin PBXSourcesBuildPhase section */
		64FE89891EE86C3400F68AE4 /* Sources */ = {
			isa = PBXSourcesBuildPhase;
			buildActionMask = 2147483647;
			files = (
				64FE89931EE86C3400F68AE4 /* ViewController.swift in Sources */,
				64FE89911EE86C3400F68AE4 /* AppDelegate.swift in Sources */,
			);
			runOnlyForDeploymentPostprocessing = 0;
		};
		64FE899D1EE86C3400F68AE4 /* Sources */ = {
			isa = PBXSourcesBuildPhase;
			buildActionMask = 2147483647;
			files = (
				64FE89A61EE86C3400F68AE4 /* Fizz_BuzzTests.swift in Sources */,
			);
			runOnlyForDeploymentPostprocessing = 0;
		};
		64FE89A81EE86C3400F68AE4 /* Sources */ = {
			isa = PBXSourcesBuildPhase;
			buildActionMask = 2147483647;
			files = (
				64FE89B11EE86C3400F68AE4 /* Fizz_BuzzUITests.swift in Sources */,
			);
			runOnlyForDeploymentPostprocessing = 0;
		};
/* End PBXSourcesBuildPhase section */

/* Begin PBXTargetDependency section */
		64FE89A31EE86C3400F68AE4 /* PBXTargetDependency */ = {
			isa = PBXTargetDependency;
			target = 64FE898C1EE86C3400F68AE4 /* Fizz Buzz */;
			targetProxy = 64FE89A21EE86C3400F68AE4 /* PBXContainerItemProxy */;
		};
		64FE89AE1EE86C3400F68AE4 /* PBXTargetDependency */ = {
			isa = PBXTargetDependency;
			target = 64FE898C1EE86C3400F68AE4 /* Fizz Buzz */;
			targetProxy = 64FE89AD1EE86C3400F68AE4 /* PBXContainerItemProxy */;
		};
/* End PBXTargetDependency section */

/* Begin PBXVariantGroup section */
		64FE89941EE86C3400F68AE4 /* Main.storyboard */ = {
			isa = PBXVariantGroup;
			children = (
				64FE89951EE86C3400F68AE4 /* Base */,
			);
			name = Main.storyboard;
			sourceTree = "<group>";
		};
		64FE89991EE86C3400F68AE4 /* LaunchScreen.storyboard */ = {
			isa = PBXVariantGroup;
			children = (
				64FE899A1EE86C3400F68AE4 /* Base */,
			);
			name = LaunchScreen.storyboard;
			sourceTree = "<group>";
		};
/* End PBXVariantGroup section */

/* Begin XCBuildConfiguration section */
		64FE89B31EE86C3400F68AE4 /* Debug */ = {
			isa = XCBuildConfiguration;
			buildSettings = {
				ALWAYS_SEARCH_USER_PATHS = NO;
				CLANG_ANALYZER_NONNULL = YES;
				CLANG_ANALYZER_NUMBER_OBJECT_CONVERSION = YES_AGGRESSIVE;
				CLANG_CXX_LANGUAGE_STANDARD = "gnu++0x";
				CLANG_CXX_LIBRARY = "libc++";
				CLANG_ENABLE_MODULES = YES;
				CLANG_ENABLE_OBJC_ARC = YES;
				CLANG_WARN_BOOL_CONVERSION = YES;
				CLANG_WARN_CONSTANT_CONVERSION = YES;
				CLANG_WARN_DIRECT_OBJC_ISA_USAGE = YES_ERROR;
				CLANG_WARN_DOCUMENTATION_COMMENTS = YES;
				CLANG_WARN_EMPTY_BODY = YES;
				CLANG_WARN_ENUM_CONVERSION = YES;
				CLANG_WARN_INFINITE_RECURSION = YES;
				CLANG_WARN_INT_CONVERSION = YES;
				CLANG_WARN_OBJC_ROOT_CLASS = YES_ERROR;
				CLANG_WARN_SUSPICIOUS_MOVE = YES;
				CLANG_WARN_UNREACHABLE_CODE = YES;
				CLANG_WARN__DUPLICATE_METHOD_MATCH = YES;
				"CODE_SIGN_IDENTITY[sdk=iphoneos*]" = "iPhone Developer";
				COPY_PHASE_STRIP = NO;
				DEBUG_INFORMATION_FORMAT = dwarf;
				ENABLE_STRICT_OBJC_MSGSEND = YES;
				ENABLE_TESTABILITY = YES;
				GCC_C_LANGUAGE_STANDARD = gnu99;
				GCC_DYNAMIC_NO_PIC = NO;
				GCC_NO_COMMON_BLOCKS = YES;
				GCC_OPTIMIZATION_LEVEL = 0;
				GCC_PREPROCESSOR_DEFINITIONS = (
					"DEBUG=1",
					"$(inherited)",
				);
				GCC_WARN_64_TO_32_BIT_CONVERSION = YES;
				GCC_WARN_ABOUT_RETURN_TYPE = YES_ERROR;
				GCC_WARN_UNDECLARED_SELECTOR = YES;
				GCC_WARN_UNINITIALIZED_AUTOS = YES_AGGRESSIVE;
				GCC_WARN_UNUSED_FUNCTION = YES;
				GCC_WARN_UNUSED_VARIABLE = YES;
				IPHONEOS_DEPLOYMENT_TARGET = 10.3;
				MTL_ENABLE_DEBUG_INFO = YES;
				ONLY_ACTIVE_ARCH = YES;
				SDKROOT = iphoneos;
				SWIFT_ACTIVE_COMPILATION_CONDITIONS = DEBUG;
				SWIFT_OPTIMIZATION_LEVEL = "-Onone";
				TARGETED_DEVICE_FAMILY = "1,2";
			};
			name = Debug;
		};
		64FE89B41EE86C3400F68AE4 /* Release */ = {
			isa = XCBuildConfiguration;
			buildSettings = {
				ALWAYS_SEARCH_USER_PATHS = NO;
				CLANG_ANALYZER_NONNULL = YES;
				CLANG_ANALYZER_NUMBER_OBJECT_CONVERSION = YES_AGGRESSIVE;
				CLANG_CXX_LANGUAGE_STANDARD = "gnu++0x";
				CLANG_CXX_LIBRARY = "libc++";
				CLANG_ENABLE_MODULES = YES;
				CLANG_ENABLE_OBJC_ARC = YES;
				CLANG_WARN_BOOL_CONVERSION = YES;
				CLANG_WARN_CONSTANT_CONVERSION = YES;
				CLANG_WARN_DIRECT_OBJC_ISA_USAGE = YES_ERROR;
				CLANG_WARN_DOCUMENTATION_COMMENTS = YES;
				CLANG_WARN_EMPTY_BODY = YES;
				CLANG_WARN_ENUM_CONVERSION = YES;
				CLANG_WARN_INFINITE_RECURSION = YES;
				CLANG_WARN_INT_CONVERSION = YES;
				CLANG_WARN_OBJC_ROOT_CLASS = YES_ERROR;
				CLANG_WARN_SUSPICIOUS_MOVE = YES;
				CLANG_WARN_UNREACHABLE_CODE = YES;
				CLANG_WARN__DUPLICATE_METHOD_MATCH = YES;
				"CODE_SIGN_IDENTITY[sdk=iphoneos*]" = "iPhone Developer";
				COPY_PHASE_STRIP = NO;
				DEBUG_INFORMATION_FORMAT = "dwarf-with-dsym";
				ENABLE_NS_ASSERTIONS = NO;
				ENABLE_STRICT_OBJC_MSGSEND = YES;
				GCC_C_LANGUAGE_STANDARD = gnu99;
				GCC_NO_COMMON_BLOCKS = YES;
				GCC_WARN_64_TO_32_BIT_CONVERSION = YES;
				GCC_WARN_ABOUT_RETURN_TYPE = YES_ERROR;
				GCC_WARN_UNDECLARED_SELECTOR = YES;
				GCC_WARN_UNINITIALIZED_AUTOS = YES_AGGRESSIVE;
				GCC_WARN_UNUSED_FUNCTION = YES;
				GCC_WARN_UNUSED_VARIABLE = YES;
				IPHONEOS_DEPLOYMENT_TARGET = 10.3;
				MTL_ENABLE_DEBUG_INFO = NO;
				SDKROOT = iphoneos;
				SWIFT_OPTIMIZATION_LEVEL = "-Owholemodule";
				TARGETED_DEVICE_FAMILY = "1,2";
				VALIDATE_PRODUCT = YES;
			};
			name = Release;
		};
		64FE89B61EE86C3400F68AE4 /* Debug */ = {
			isa = XCBuildConfiguration;
			buildSettings = {
				ASSETCATALOG_COMPILER_APPICON_NAME = AppIcon;
				INFOPLIST_FILE = "Fizz Buzz/Info.plist";
				LD_RUNPATH_SEARCH_PATHS = "$(inherited) @executable_path/Frameworks";
				PRODUCT_BUNDLE_IDENTIFIER = "sai.Fizz-Buzz";
				PRODUCT_NAME = "$(TARGET_NAME)";
				SWIFT_VERSION = 3.0;
			};
			name = Debug;
		};
		64FE89B71EE86C3400F68AE4 /* Release */ = {
			isa = XCBuildConfiguration;
			buildSettings = {
				ASSETCATALOG_COMPILER_APPICON_NAME = AppIcon;
				INFOPLIST_FILE = "Fizz Buzz/Info.plist";
				LD_RUNPATH_SEARCH_PATHS = "$(inherited) @executable_path/Frameworks";
				PRODUCT_BUNDLE_IDENTIFIER = "sai.Fizz-Buzz";
				PRODUCT_NAME = "$(TARGET_NAME)";
				SWIFT_VERSION = 3.0;
			};
			name = Release;
		};
		64FE89B91EE86C3400F68AE4 /* Debug */ = {
			isa = XCBuildConfiguration;
			buildSettings = {
				ALWAYS_EMBED_SWIFT_STANDARD_LIBRARIES = YES;
				BUNDLE_LOADER = "$(TEST_HOST)";
				INFOPLIST_FILE = "Fizz BuzzTests/Info.plist";
				LD_RUNPATH_SEARCH_PATHS = "$(inherited) @executable_path/Frameworks @loader_path/Frameworks";
				PRODUCT_BUNDLE_IDENTIFIER = "sai.Fizz-BuzzTests";
				PRODUCT_NAME = "$(TARGET_NAME)";
				SWIFT_VERSION = 3.0;
				TEST_HOST = "$(BUILT_PRODUCTS_DIR)/Fizz Buzz.app/Fizz Buzz";
			};
			name = Debug;
		};
		64FE89BA1EE86C3400F68AE4 /* Release */ = {
			isa = XCBuildConfiguration;
			buildSettings = {
				ALWAYS_EMBED_SWIFT_STANDARD_LIBRARIES = YES;
				BUNDLE_LOADER = "$(TEST_HOST)";
				INFOPLIST_FILE = "Fizz BuzzTests/Info.plist";
				LD_RUNPATH_SEARCH_PATHS = "$(inherited) @executable_path/Frameworks @loader_path/Frameworks";
				PRODUCT_BUNDLE_IDENTIFIER = "sai.Fizz-BuzzTests";
				PRODUCT_NAME = "$(TARGET_NAME)";
				SWIFT_VERSION = 3.0;
				TEST_HOST = "$(BUILT_PRODUCTS_DIR)/Fizz Buzz.app/Fizz Buzz";
			};
			name = Release;
		};
		64FE89BC1EE86C3400F68AE4 /* Debug */ = {
			isa = XCBuildConfiguration;
			buildSettings = {
				ALWAYS_EMBED_SWIFT_STANDARD_LIBRARIES = YES;
				INFOPLIST_FILE = "Fizz BuzzUITests/Info.plist";
				LD_RUNPATH_SEARCH_PATHS = "$(inherited) @executable_path/Frameworks @loader_path/Frameworks";
				PRODUCT_BUNDLE_IDENTIFIER = "sai.Fizz-BuzzUITests";
				PRODUCT_NAME = "$(TARGET_NAME)";
				SWIFT_VERSION = 3.0;
				TEST_TARGET_NAME = "Fizz Buzz";
			};
			name = Debug;
		};
		64FE89BD1EE86C3400F68AE4 /* Release */ = {
			isa = XCBuildConfiguration;
			buildSettings = {
				ALWAYS_EMBED_SWIFT_STANDARD_LIBRARIES = YES;
				INFOPLIST_FILE = "Fizz BuzzUITests/Info.plist";
				LD_RUNPATH_SEARCH_PATHS = "$(inherited) @executable_path/Frameworks @loader_path/Frameworks";
				PRODUCT_BUNDLE_IDENTIFIER = "sai.Fizz-BuzzUITests";
				PRODUCT_NAME = "$(TARGET_NAME)";
				SWIFT_VERSION = 3.0;
				TEST_TARGET_NAME = "Fizz Buzz";
			};
			name = Release;
		};
/* End XCBuildConfiguration section */

/* Begin XCConfigurationList section */
		64FE89881EE86C3400F68AE4 /* Build configuration list for PBXProject "Fizz Buzz" */ = {
			isa = XCConfigurationList;
			buildConfigurations = (
				64FE89B31EE86C3400F68AE4 /* Debug */,
				64FE89B41EE86C3400F68AE4 /* Release */,
			);
			defaultConfigurationIsVisible = 0;
			defaultConfigurationName = Release;
		};
		64FE89B51EE86C3400F68AE4 /* Build configuration list for PBXNativeTarget "Fizz Buzz" */ = {
			isa = XCConfigurationList;
			buildConfigurations = (
				64FE89B61EE86C3400F68AE4 /* Debug */,
				64FE89B71EE86C3400F68AE4 /* Release */,
			);
			defaultConfigurationIsVisible = 0;
		};
		64FE89B81EE86C3400F68AE4 /* Build configuration list for PBXNativeTarget "Fizz BuzzTests" */ = {
			isa = XCConfigurationList;
			buildConfigurations = (
				64FE89B91EE86C3400F68AE4 /* Debug */,
				64FE89BA1EE86C3400F68AE4 /* Release */,
			);
			defaultConfigurationIsVisible = 0;
		};
		64FE89BB1EE86C3400F68AE4 /* Build configuration list for PBXNativeTarget "Fizz BuzzUITests" */ = {
			isa = XCConfigurationList;
			buildConfigurations = (
				64FE89BC1EE86C3400F68AE4 /* Debug */,
				64FE89BD1EE86C3400F68AE4 /* Release */,
			);
			defaultConfigurationIsVisible = 0;
		};
/* End XCConfigurationList section */
	};
	rootObject = 64FE89851EE86C3400F68AE4 /* Project object */;
}
